
Microsoft Visual Studio Solution File, Format Version 12.00
# Visual Studio 15
VisualStudioVersion = 15.0.35213.121
MinimumVisualStudioVersion = 10.0.40219.1
Project("{FAE04EC0-301F-11D3-BF4B-00C04F79EFBC}") = "struct1", "struct1\struct1.csproj", "{307DC279-AD1C-414D-897A-A41F7F928C34}"
EndProject
Global
	GlobalSection(SolutionConfigurationPlatforms) = preSolution
		Debug|Any CPU = Debug|Any CPU
		Release|Any CPU = Release|Any CPU
	EndGlobalSection
	GlobalSection(ProjectConfigurationPlatforms) = postSolution
		{307DC279-AD1C-414D-897A-A41F7F928C34}.Debug|Any CPU.ActiveCfg = Debug|Any CPU
		{307DC279-AD1C-414D-897A-A41F7F928C34}.Debug|Any CPU.Build.0 = Debug|Any CPU
		{307DC279-AD1C-414D-897A-A41F7F928C34}.Release|Any CPU.ActiveCfg = Release|Any CPU
		{307DC279-AD1C-414D-897A-A41F7F928C34}.Release|Any CPU.Build.0 = Release|Any CPU
	EndGlobalSection
	GlobalSection(SolutionProperties) = preSolution
		HideSolutionNode = FALSE
	EndGlobalSection
	GlobalSection(ExtensibilityGlobals) = postSolution
		SolutionGuid = {3FD8EC24-3234-47FD-93A6-3507DE583C8F}
	EndGlobalSection
EndGlobal
