
Microsoft Visual Studio Solution File, Format Version 12.00
# Visual Studio 15
VisualStudioVersion = 15.0.35213.121
MinimumVisualStudioVersion = 10.0.40219.1
Project("{FAE04EC0-301F-11D3-BF4B-00C04F79EFBC}") = "Tek Boyutlu ve Çift Boyutlu İndeksleyiciler3", "Tek Boyutlu ve Çift Boyutlu İndeksleyiciler3\Tek Boyutlu ve Çift Boyutlu İndeksleyiciler3.csproj", "{9708AECC-6927-416A-8D8D-0C29A2979CCE}"
EndProject
Global
	GlobalSection(SolutionConfigurationPlatforms) = preSolution
		Debug|Any CPU = Debug|Any CPU
		Release|Any CPU = Release|Any CPU
	EndGlobalSection
	GlobalSection(ProjectConfigurationPlatforms) = postSolution
		{9708AECC-6927-416A-8D8D-0C29A2979CCE}.Debug|Any CPU.ActiveCfg = Debug|Any CPU
		{9708AECC-6927-416A-8D8D-0C29A2979CCE}.Debug|Any CPU.Build.0 = Debug|Any CPU
		{9708AECC-6927-416A-8D8D-0C29A2979CCE}.Release|Any CPU.ActiveCfg = Release|Any CPU
		{9708AECC-6927-416A-8D8D-0C29A2979CCE}.Release|Any CPU.Build.0 = Release|Any CPU
	EndGlobalSection
	GlobalSection(SolutionProperties) = preSolution
		HideSolutionNode = FALSE
	EndGlobalSection
	GlobalSection(ExtensibilityGlobals) = postSolution
		SolutionGuid = {F83A3015-4F2A-40A8-90E7-02DA637F0115}
	EndGlobalSection
EndGlobal
