
Microsoft Visual Studio Solution File, Format Version 12.00
# Visual Studio 15
VisualStudioVersion = 15.0.35213.121
MinimumVisualStudioVersion = 10.0.40219.1
Project("{FAE04EC0-301F-11D3-BF4B-00C04F79EFBC}") = "overloading3", "overloading3\overloading3.csproj", "{B37C0A30-945C-4F56-B318-188382D4A285}"
EndProject
Global
	GlobalSection(SolutionConfigurationPlatforms) = preSolution
		Debug|Any CPU = Debug|Any CPU
		Release|Any CPU = Release|Any CPU
	EndGlobalSection
	GlobalSection(ProjectConfigurationPlatforms) = postSolution
		{B37C0A30-945C-4F56-B318-188382D4A285}.Debug|Any CPU.ActiveCfg = Debug|Any CPU
		{B37C0A30-945C-4F56-B318-188382D4A285}.Debug|Any CPU.Build.0 = Debug|Any CPU
		{B37C0A30-945C-4F56-B318-188382D4A285}.Release|Any CPU.ActiveCfg = Release|Any CPU
		{B37C0A30-945C-4F56-B318-188382D4A285}.Release|Any CPU.Build.0 = Release|Any CPU
	EndGlobalSection
	GlobalSection(SolutionProperties) = preSolution
		HideSolutionNode = FALSE
	EndGlobalSection
	GlobalSection(ExtensibilityGlobals) = postSolution
		SolutionGuid = {0378D1AF-A102-4241-8D01-E90AB591DAB6}
	EndGlobalSection
EndGlobal
