
Microsoft Visual Studio Solution File, Format Version 12.00
# Visual Studio 15
VisualStudioVersion = 15.0.35213.121
MinimumVisualStudioVersion = 10.0.40219.1
Project("{FAE04EC0-301F-11D3-BF4B-00C04F79EFBC}") = "enum3", "enum3\enum3.csproj", "{C62330E1-FF48-4335-A26B-77D7D3222A4C}"
EndProject
Global
	GlobalSection(SolutionConfigurationPlatforms) = preSolution
		Debug|Any CPU = Debug|Any CPU
		Release|Any CPU = Release|Any CPU
	EndGlobalSection
	GlobalSection(ProjectConfigurationPlatforms) = postSolution
		{C62330E1-FF48-4335-A26B-77D7D3222A4C}.Debug|Any CPU.ActiveCfg = Debug|Any CPU
		{C62330E1-FF48-4335-A26B-77D7D3222A4C}.Debug|Any CPU.Build.0 = Debug|Any CPU
		{C62330E1-FF48-4335-A26B-77D7D3222A4C}.Release|Any CPU.ActiveCfg = Release|Any CPU
		{C62330E1-FF48-4335-A26B-77D7D3222A4C}.Release|Any CPU.Build.0 = Release|Any CPU
	EndGlobalSection
	GlobalSection(SolutionProperties) = preSolution
		HideSolutionNode = FALSE
	EndGlobalSection
	GlobalSection(ExtensibilityGlobals) = postSolution
		SolutionGuid = {0A5EBCB5-4471-4A67-A838-C69549BB5C44}
	EndGlobalSection
EndGlobal
